
Microsoft Visual Studio Solution File, Format Version 12.00
Project("{F2A71F9B-5D33-465A-A702-920D77279786}") = "ContainerDependencyGraph", "src\ContainerDependencyGraph\ContainerDependencyGraph.fsproj", "{E4B90CDE-1316-486F-9547-971CA6772938}"
EndProject
Global
	GlobalSection(SolutionConfigurationPlatforms) = preSolution
		Debug|Any CPU = Debug|Any CPU
		Release|Any CPU = Release|Any CPU
	EndGlobalSection
	GlobalSection(ProjectConfigurationPlatforms) = postSolution
		{E4B90CDE-1316-486F-9547-971CA6772938}.Debug|Any CPU.ActiveCfg = Debug|Any CPU
		{E4B90CDE-1316-486F-9547-971CA6772938}.Debug|Any CPU.Build.0 = Debug|Any CPU
		{E4B90CDE-1316-486F-9547-971CA6772938}.Release|Any CPU.ActiveCfg = Release|Any CPU
		{E4B90CDE-1316-486F-9547-971CA6772938}.Release|Any CPU.Build.0 = Release|Any CPU
	EndGlobalSection
EndGlobal
